
Microsoft Visual Studio Solution File, Format Version 12.00
# Visual Studio 2013
Project("{FAE04EC0-301F-11D3-BF4B-00C04F79EFBC}") = "UnityVS.TestConsole1113.CSharp", "UnityVS.TestConsole1113.CSharp.csproj", "{A84133BD-6226-4410-28B1-292FC657206C}"
EndProject
Project("{FAE04EC0-301F-11D3-BF4B-00C04F79EFBC}") = "UnityVS.TestConsole1113.CSharp.Editor", "UnityVS.TestConsole1113.CSharp.Editor.csproj", "{FF9B2732-293D-082C-CBDE-7B7C0F138C87}"
EndProject
Global
	GlobalSection(SolutionConfigurationPlatforms) = preSolution
		Debug|Any CPU = Debug|Any CPU
		Release|Any CPU = Release|Any CPU
	EndGlobalSection
	GlobalSection(ProjectConfigurationPlatforms) = postSolution
		{A84133BD-6226-4410-28B1-292FC657206C}.Debug|Any CPU.ActiveCfg = Debug|Any CPU
		{A84133BD-6226-4410-28B1-292FC657206C}.Debug|Any CPU.Build.0 = Debug|Any CPU
		{A84133BD-6226-4410-28B1-292FC657206C}.Release|Any CPU.ActiveCfg = Release|Any CPU
		{A84133BD-6226-4410-28B1-292FC657206C}.Release|Any CPU.Build.0 = Release|Any CPU
		{FF9B2732-293D-082C-CBDE-7B7C0F138C87}.Debug|Any CPU.ActiveCfg = Debug|Any CPU
		{FF9B2732-293D-082C-CBDE-7B7C0F138C87}.Debug|Any CPU.Build.0 = Debug|Any CPU
		{FF9B2732-293D-082C-CBDE-7B7C0F138C87}.Release|Any CPU.ActiveCfg = Release|Any CPU
		{FF9B2732-293D-082C-CBDE-7B7C0F138C87}.Release|Any CPU.Build.0 = Release|Any CPU
	EndGlobalSection
	GlobalSection(SolutionProperties) = preSolution
		HideSolutionNode = FALSE
	EndGlobalSection
EndGlobal
